
Microsoft Visual Studio Solution File, Format Version 12.00
# Visual Studio Version 17
VisualStudioVersion = 17.5.33318.248
MinimumVisualStudioVersion = 10.0.40219.1
Project("{FAE04EC0-301F-11D3-BF4B-00C04F79EFBC}") = "MathLib", "MathLib\MathLib.csproj", "{63F65B0C-D2AA-437B-88A7-AFC1BA3AE6DC}"
EndProject
Project("{FAE04EC0-301F-11D3-BF4B-00C04F79EFBC}") = "xUnitTest", "xUnitTest\xUnitTest.csproj", "{5B3F05BF-BDD6-4D75-ABC0-4C5F7ADA9EDD}"
EndProject
Global
	GlobalSection(SolutionConfigurationPlatforms) = preSolution
		Debug|Any CPU = Debug|Any CPU
		Release|Any CPU = Release|Any CPU
	EndGlobalSection
	GlobalSection(ProjectConfigurationPlatforms) = postSolution
		{63F65B0C-D2AA-437B-88A7-AFC1BA3AE6DC}.Debug|Any CPU.ActiveCfg = Debug|Any CPU
		{63F65B0C-D2AA-437B-88A7-AFC1BA3AE6DC}.Debug|Any CPU.Build.0 = Debug|Any CPU
		{63F65B0C-D2AA-437B-88A7-AFC1BA3AE6DC}.Release|Any CPU.ActiveCfg = Release|Any CPU
		{63F65B0C-D2AA-437B-88A7-AFC1BA3AE6DC}.Release|Any CPU.Build.0 = Release|Any CPU
		{5B3F05BF-BDD6-4D75-ABC0-4C5F7ADA9EDD}.Debug|Any CPU.ActiveCfg = Debug|Any CPU
		{5B3F05BF-BDD6-4D75-ABC0-4C5F7ADA9EDD}.Debug|Any CPU.Build.0 = Debug|Any CPU
		{5B3F05BF-BDD6-4D75-ABC0-4C5F7ADA9EDD}.Release|Any CPU.ActiveCfg = Release|Any CPU
		{5B3F05BF-BDD6-4D75-ABC0-4C5F7ADA9EDD}.Release|Any CPU.Build.0 = Release|Any CPU
	EndGlobalSection
	GlobalSection(SolutionProperties) = preSolution
		HideSolutionNode = FALSE
	EndGlobalSection
	GlobalSection(ExtensibilityGlobals) = postSolution
		SolutionGuid = {5A3C4D71-661A-4CD3-97AD-1CACBBEE606E}
	EndGlobalSection
EndGlobal
